# This file is automatically @generated by Cargo.
# It is not intended for manual editing.
[[package]]
name = "bech32"
version = "0.7.2"
source = "registry+https://github.com/rust-lang/crates.io-index"

[[package]]
name = "bitcoin"
version = "0.23.0"
source = "registry+https://github.com/rust-lang/crates.io-index"
dependencies = [
 "bech32 0.7.2 (registry+https://github.com/rust-lang/crates.io-index)",
 "bitcoin_hashes 0.7.4 (registry+https://github.com/rust-lang/crates.io-index)",
 "secp256k1 0.17.2 (registry+https://github.com/rust-lang/crates.io-index)",
]

[[package]]
name = "bitcoin_hashes"
version = "0.7.4"
source = "registry+https://github.com/rust-lang/crates.io-index"

[[package]]
name = "cc"
version = "1.0.41"
source = "registry+https://github.com/rust-lang/crates.io-index"

[[package]]
name = "csp2p-rs"
version = "0.1.0"
dependencies = [
 "bitcoin 0.23.0 (registry+https://github.com/rust-lang/crates.io-index)",
 "hex 0.4.1 (registry+https://github.com/rust-lang/crates.io-index)",
]

[[package]]
name = "hex"
version = "0.4.1"
source = "registry+https://github.com/rust-lang/crates.io-index"

[[package]]
name = "secp256k1"
version = "0.17.2"
source = "registry+https://github.com/rust-lang/crates.io-index"
dependencies = [
 "secp256k1-sys 0.1.2 (registry+https://github.com/rust-lang/crates.io-index)",
]

[[package]]
name = "secp256k1-sys"
version = "0.1.2"
source = "registry+https://github.com/rust-lang/crates.io-index"
dependencies = [
 "cc 1.0.41 (registry+https://github.com/rust-lang/crates.io-index)",
]

[metadata]
"checksum bech32 0.7.2 (registry+https://github.com/rust-lang/crates.io-index)" = "cdcf67bb7ba7797a081cd19009948ab533af7c355d5caf1d08c777582d351e9c"
"checksum bitcoin 0.23.0 (registry+https://github.com/rust-lang/crates.io-index)" = "6a32c9d2fa897cfbb0db45d71e3d2838666194abc4828c0f994e4b5c3bf85ba4"
"checksum bitcoin_hashes 0.7.4 (registry+https://github.com/rust-lang/crates.io-index)" = "aff017f894e94c11c7fab19c14d4cc5653b107ef9220fed69a7a84afc037342b"
"checksum cc 1.0.41 (registry+https://github.com/rust-lang/crates.io-index)" = "8dae9c4b8fedcae85592ba623c4fd08cfdab3e3b72d6df780c6ead964a69bfff"
"checksum hex 0.4.1 (registry+https://github.com/rust-lang/crates.io-index)" = "76cdda6bf525062a0c9e8f14ee2b37935c86b8efb6c8b69b3c83dfb518a914af"
"checksum secp256k1 0.17.2 (registry+https://github.com/rust-lang/crates.io-index)" = "2932dc07acd2066ff2e3921a4419606b220ba6cd03a9935123856cc534877056"
"checksum secp256k1-sys 0.1.2 (registry+https://github.com/rust-lang/crates.io-index)" = "7ab2c26f0d3552a0f12e639ae8a64afc2e3db9c52fe32f5fc6c289d38519f220"
